
Microsoft Visual Studio Solution File, Format Version 12.00
# Visual Studio Version 17
VisualStudioVersion = 17.14.37328.6
MinimumVisualStudioVersion = 10.0.40219.1
Project("{FAE04EC0-301F-11D3-BF4B-00C04F79EFBC}") = "VertiportNexus", "VertiportNexus\VertiportNexus.csproj", "{F115D9C7-E092-4D98-BE86-614A3727F897}"
EndProject
Global
	GlobalSection(SolutionConfigurationPlatforms) = preSolution
		Debug|Any CPU = Debug|Any CPU
		Debug|x64 = Debug|x64
		Release|Any CPU = Release|Any CPU
		Release|x64 = Release|x64
	EndGlobalSection
	GlobalSection(ProjectConfigurationPlatforms) = postSolution
		{F115D9C7-E092-4D98-BE86-614A3727F897}.Debug|Any CPU.ActiveCfg = Debug|Any CPU
		{F115D9C7-E092-4D98-BE86-614A3727F897}.Debug|Any CPU.Build.0 = Debug|Any CPU
		{F115D9C7-E092-4D98-BE86-614A3727F897}.Debug|x64.ActiveCfg = Debug|x64
		{F115D9C7-E092-4D98-BE86-614A3727F897}.Debug|x64.Build.0 = Debug|x64
		{F115D9C7-E092-4D98-BE86-614A3727F897}.Release|Any CPU.ActiveCfg = Release|Any CPU
		{F115D9C7-E092-4D98-BE86-614A3727F897}.Release|Any CPU.Build.0 = Release|Any CPU
		{F115D9C7-E092-4D98-BE86-614A3727F897}.Release|x64.ActiveCfg = Release|x64
		{F115D9C7-E092-4D98-BE86-614A3727F897}.Release|x64.Build.0 = Release|x64
	EndGlobalSection
	GlobalSection(SolutionProperties) = preSolution
		HideSolutionNode = FALSE
	EndGlobalSection
	GlobalSection(ExtensibilityGlobals) = postSolution
		SolutionGuid = {5E5AB8B3-EA4A-4AFB-AFF6-9F11A54E9BE7}
	EndGlobalSection
EndGlobal
